// !$*UTF8*$!
{
	archiveVersion = 1;
	classes = {
	};
	objectVersion = 46;
	objects = {

/* Begin PBXBuildFile section */
		8A3CEF541ED80CCB009B26CF /* AppDelegate.swift in Sources */ = {isa = PBXBuildFile; fileRef = 8A3CEF531ED80CCB009B26CF /* AppDelegate.swift */; };
		8A3CEF561ED80CCB009B26CF /* ViewController.swift in Sources */ = {isa = PBXBuildFile; fileRef = 8A3CEF551ED80CCB009B26CF /* ViewController.swift */; };
		8A3CEF591ED80CCB009B26CF /* Main.storyboard in Resources */ = {isa = PBXBuildFile; fileRef = 8A3CEF571ED80CCB009B26CF /* Main.storyboard */; };
		8A3CEF5B1ED80CCB009B26CF /* Assets.xcassets in Resources */ = {isa = PBXBuildFile; fileRef = 8A3CEF5A1ED80CCB009B26CF /* Assets.xcassets */; };
		8A3CEF5E1ED80CCB009B26CF /* LaunchScreen.storyboard in Resources */ = {isa = PBXBuildFile; fileRef = 8A3CEF5C1ED80CCB009B26CF /* LaunchScreen.storyboard */; };
		8A7606A21EE13FEE001B0683 /* WeatherGetter.swift in Sources */ = {isa = PBXBuildFile; fileRef = 8A7606A11EE13FEE001B0683 /* WeatherGetter.swift */; };
/* End PBXBuildFile section */

/* Begin PBXFileReference section */
		8A3CEF501ED80CCB009B26CF /* Weather.app */ = {isa = PBXFileReference; explicitFileType = wrapper.application; includeInIndex = 0; path = Weather.app; sourceTree = BUILT_PRODUCTS_DIR; };
		8A3CEF531ED80CCB009B26CF /* AppDelegate.swift */ = {isa = PBXFileReference; lastKnownFileType = sourcecode.swift; path = AppDelegate.swift; sourceTree = "<group>"; };
		8A3CEF551ED80CCB009B26CF /* ViewController.swift */ = {isa = PBXFileReference; lastKnownFileType = sourcecode.swift; path = ViewController.swift; sourceTree = "<group>"; };
		8A3CEF581ED80CCB009B26CF /* Base */ = {isa = PBXFileReference; lastKnownFileType = file.storyboard; name = Base; path = Base.lproj/Main.storyboard; sourceTree = "<group>"; };
		8A3CEF5A1ED80CCB009B26CF /* Assets.xcassets */ = {isa = PBXFileReference; lastKnownFileType = folder.assetcatalog; path = Assets.xcassets; sourceTree = "<group>"; };
		8A3CEF5D1ED80CCB009B26CF /* Base */ = {isa = PBXFileReference; lastKnownFileType = file.storyboard; name = Base; path = Base.lproj/LaunchScreen.storyboard; sourceTree = "<group>"; };
		8A3CEF5F1ED80CCB009B26CF /* Info.plist */ = {isa = PBXFileReference; lastKnownFileType = text.plist.xml; path = Info.plist; sourceTree = "<group>"; };
		8A7606A11EE13FEE001B0683 /* WeatherGetter.swift */ = {isa = PBXFileReference; fileEncoding = 4; lastKnownFileType = sourcecode.swift; path = WeatherGetter.swift; sourceTree = "<group>"; };
		8A88F1121F136AB400CD0ECC /* MyPlayground.playground */ = {isa = PBXFileReference; lastKnownFileType = file.playground; path = MyPlayground.playground; sourceTree = "<group>"; };
/* End PBXFileReference section */

/* Begin PBXFrameworksBuildPhase section */
		8A3CEF4D1ED80CCB009B26CF /* Frameworks */ = {
			isa = PBXFrameworksBuildPhase;
			buildActionMask = 2147483647;
			files = (
			);
			runOnlyForDeploymentPostprocessing = 0;
		};
/* End PBXFrameworksBuildPhase section */

/* Begin PBXGroup section */
		8A3CEF471ED80CCB009B26CF = {
			isa = PBXGroup;
			children = (
				8A3CEF521ED80CCB009B26CF /* Weather */,
				8A3CEF511ED80CCB009B26CF /* Products */,
			);
			sourceTree = "<group>";
		};
		8A3CEF511ED80CCB009B26CF /* Products */ = {
			isa = PBXGroup;
			children = (
				8A3CEF501ED80CCB009B26CF /* Weather.app */,
			);
			name = Products;
			sourceTree = "<group>";
		};
		8A3CEF521ED80CCB009B26CF /* Weather */ = {
			isa = PBXGroup;
			children = (
				8A7606A11EE13FEE001B0683 /* WeatherGetter.swift */,
				8A3CEF531ED80CCB009B26CF /* AppDelegate.swift */,
				8A3CEF551ED80CCB009B26CF /* ViewController.swift */,
				8A3CEF571ED80CCB009B26CF /* Main.storyboard */,
				8A3CEF5A1ED80CCB009B26CF /* Assets.xcassets */,
				8A3CEF5C1ED80CCB009B26CF /* LaunchScreen.storyboard */,
				8A3CEF5F1ED80CCB009B26CF /* Info.plist */,
				8A88F1121F136AB400CD0ECC /* MyPlayground.playground */,
			);
			path = Weather;
			sourceTree = "<group>";
		};
/* End PBXGroup section */

/* Begin PBXNativeTarget section */
		8A3CEF4F1ED80CCB009B26CF /* Weather */ = {
			isa = PBXNativeTarget;
			buildConfigurationList = 8A3CEF621ED80CCB009B26CF /* Build configuration list for PBXNativeTarget "Weather" */;
			buildPhases = (
				8A3CEF4C1ED80CCB009B26CF /* Sources */,
				8A3CEF4D1ED80CCB009B26CF /* Frameworks */,
				8A3CEF4E1ED80CCB009B26CF /* Resources */,
			);
			buildRules = (
			);
			dependencies = (
			);
			name = Weather;
			productName = Weather;
			productReference = 8A3CEF501ED80CCB009B26CF /* Weather.app */;
			productType = "com.apple.product-type.application";
		};
/* End PBXNativeTarget section */

/* Begin PBXProject section */
		8A3CEF481ED80CCB009B26CF /* Project object */ = {
			isa = PBXProject;
			attributes = {
				LastSwiftUpdateCheck = 0830;
				LastUpgradeCheck = 0830;
				ORGANIZATIONNAME = "Alexey Baryshnikov";
				TargetAttributes = {
					8A3CEF4F1ED80CCB009B26CF = {
						CreatedOnToolsVersion = 8.3.2;
						DevelopmentTeam = V4K88747GJ;
						ProvisioningStyle = Automatic;
					};
				};
			};
			buildConfigurationList = 8A3CEF4B1ED80CCB009B26CF /* Build configuration list for PBXProject "Weather" */;
			compatibilityVersion = "Xcode 3.2";
			developmentRegion = English;
			hasScannedForEncodings = 0;
			knownRegions = (
				en,
				Base,
			);
			mainGroup = 8A3CEF471ED80CCB009B26CF;
			productRefGroup = 8A3CEF511ED80CCB009B26CF /* Products */;
			projectDirPath = "";
			projectRoot = "";
			targets = (
				8A3CEF4F1ED80CCB009B26CF /* Weather */,
			);
		};
/* End PBXProject section */

/* Begin PBXResourcesBuildPhase section */
		8A3CEF4E1ED80CCB009B26CF /* Resources */ = {
			isa = PBXResourcesBuildPhase;
			buildActionMask = 2147483647;
			files = (
				8A3CEF5E1ED80CCB009B26CF /* LaunchScreen.storyboard in Resources */,
				8A3CEF5B1ED80CCB009B26CF /* Assets.xcassets in Resources */,
				8A3CEF591ED80CCB009B26CF /* Main.storyboard in Resources */,
			);
			runOnlyForDeploymentPostprocessing = 0;
		};
/* End PBXResourcesBuildPhase section */

/* Begin PBXSourcesBuildPhase section */
		8A3CEF4C1ED80CCB009B26CF /* Sources */ = {
			isa = PBXSourcesBuildPhase;
			buildActionMask = 2147483647;
			files = (
				8A3CEF561ED80CCB009B26CF /* ViewController.swift in Sources */,
				8A7606A21EE13FEE001B0683 /* WeatherGetter.swift in Sources */,
				8A3CEF541ED80CCB009B26CF /* AppDelegate.swift in Sources */,
			);
			runOnlyForDeploymentPostprocessing = 0;
		};
/* End PBXSourcesBuildPhase section */

/* Begin PBXVariantGroup section */
		8A3CEF571ED80CCB009B26CF /* Main.storyboard */ = {
			isa = PBXVariantGroup;
			children = (
				8A3CEF581ED80CCB009B26CF /* Base */,
			);
			name = Main.storyboard;
			sourceTree = "<group>";
		};
		8A3CEF5C1ED80CCB009B26CF /* LaunchScreen.storyboard */ = {
			isa = PBXVariantGroup;
			children = (
				8A3CEF5D1ED80CCB009B26CF /* Base */,
			);
			name = LaunchScreen.storyboard;
			sourceTree = "<group>";
		};
/* End PBXVariantGroup section */

/* Begin XCBuildConfiguration section */
		8A3CEF601ED80CCB009B26CF /* Debug */ = {
			isa = XCBuildConfiguration;
			buildSettings = {
				ALWAYS_SEARCH_USER_PATHS = NO;
				CLANG_ANALYZER_NONNULL = YES;
				CLANG_ANALYZER_NUMBER_OBJECT_CONVERSION = YES_AGGRESSIVE;
				CLANG_CXX_LANGUAGE_STANDARD = "gnu++0x";
				CLANG_CXX_LIBRARY = "libc++";
				CLANG_ENABLE_MODULES = YES;
				CLANG_ENABLE_OBJC_ARC = YES;
				CLANG_WARN_BOOL_CONVERSION = YES;
				CLANG_WARN_CONSTANT_CONVERSION = YES;
				CLANG_WARN_DIRECT_OBJC_ISA_USAGE = YES_ERROR;
				CLANG_WARN_DOCUMENTATION_COMMENTS = YES;
				CLANG_WARN_EMPTY_BODY = YES;
				CLANG_WARN_ENUM_CONVERSION = YES;
				CLANG_WARN_INFINITE_RECURSION = YES;
				CLANG_WARN_INT_CONVERSION = YES;
				CLANG_WARN_OBJC_ROOT_CLASS = YES_ERROR;
				CLANG_WARN_SUSPICIOUS_MOVE = YES;
				CLANG_WARN_UNREACHABLE_CODE = YES;
				CLANG_WARN__DUPLICATE_METHOD_MATCH = YES;
				"CODE_SIGN_IDENTITY[sdk=iphoneos*]" = "iPhone Developer";
				COPY_PHASE_STRIP = NO;
				DEBUG_INFORMATION_FORMAT = dwarf;
				ENABLE_STRICT_OBJC_MSGSEND = YES;
				ENABLE_TESTABILITY = YES;
				GCC_C_LANGUAGE_STANDARD = gnu99;
				GCC_DYNAMIC_NO_PIC = NO;
				GCC_NO_COMMON_BLOCKS = YES;
				GCC_OPTIMIZATION_LEVEL = 0;
				GCC_PREPROCESSOR_DEFINITIONS = (
					"DEBUG=1",
					"$(inherited)",
				);
				GCC_WARN_64_TO_32_BIT_CONVERSION = YES;
				GCC_WARN_ABOUT_RETURN_TYPE = YES_ERROR;
				GCC_WARN_UNDECLARED_SELECTOR = YES;
				GCC_WARN_UNINITIALIZED_AUTOS = YES_AGGRESSIVE;
				GCC_WARN_UNUSED_FUNCTION = YES;
				GCC_WARN_UNUSED_VARIABLE = YES;
				IPHONEOS_DEPLOYMENT_TARGET = 10.3;
				MTL_ENABLE_DEBUG_INFO = YES;
				ONLY_ACTIVE_ARCH = YES;
				SDKROOT = iphoneos;
				SWIFT_ACTIVE_COMPILATION_CONDITIONS = DEBUG;
				SWIFT_OPTIMIZATION_LEVEL = "-Onone";
				TARGETED_DEVICE_FAMILY = "1,2";
			};
			name = Debug;
		};
		8A3CEF611ED80CCB009B26CF /* Release */ = {
			isa = XCBuildConfiguration;
			buildSettings = {
				ALWAYS_SEARCH_USER_PATHS = NO;
				CLANG_ANALYZER_NONNULL = YES;
				CLANG_ANALYZER_NUMBER_OBJECT_CONVERSION = YES_AGGRESSIVE;
				CLANG_CXX_LANGUAGE_STANDARD = "gnu++0x";
				CLANG_CXX_LIBRARY = "libc++";
				CLANG_ENABLE_MODULES = YES;
				CLANG_ENABLE_OBJC_ARC = YES;
				CLANG_WARN_BOOL_CONVERSION = YES;
				CLANG_WARN_CONSTANT_CONVERSION = YES;
				CLANG_WARN_DIRECT_OBJC_ISA_USAGE = YES_ERROR;
				CLANG_WARN_DOCUMENTATION_COMMENTS = YES;
				CLANG_WARN_EMPTY_BODY = YES;
				CLANG_WARN_ENUM_CONVERSION = YES;
				CLANG_WARN_INFINITE_RECURSION = YES;
				CLANG_WARN_INT_CONVERSION = YES;
				CLANG_WARN_OBJC_ROOT_CLASS = YES_ERROR;
				CLANG_WARN_SUSPICIOUS_MOVE = YES;
				CLANG_WARN_UNREACHABLE_CODE = YES;
				CLANG_WARN__DUPLICATE_METHOD_MATCH = YES;
				"CODE_SIGN_IDENTITY[sdk=iphoneos*]" = "iPhone Developer";
				COPY_PHASE_STRIP = NO;
				DEBUG_INFORMATION_FORMAT = "dwarf-with-dsym";
				ENABLE_NS_ASSERTIONS = NO;
				ENABLE_STRICT_OBJC_MSGSEND = YES;
				GCC_C_LANGUAGE_STANDARD = gnu99;
				GCC_NO_COMMON_BLOCKS = YES;
				GCC_WARN_64_TO_32_BIT_CONVERSION = YES;
				GCC_WARN_ABOUT_RETURN_TYPE = YES_ERROR;
				GCC_WARN_UNDECLARED_SELECTOR = YES;
				GCC_WARN_UNINITIALIZED_AUTOS = YES_AGGRESSIVE;
				GCC_WARN_UNUSED_FUNCTION = YES;
				GCC_WARN_UNUSED_VARIABLE = YES;
				IPHONEOS_DEPLOYMENT_TARGET = 10.3;
				MTL_ENABLE_DEBUG_INFO = NO;
				SDKROOT = iphoneos;
				SWIFT_OPTIMIZATION_LEVEL = "-Owholemodule";
				TARGETED_DEVICE_FAMILY = "1,2";
				VALIDATE_PRODUCT = YES;
			};
			name = Release;
		};
		8A3CEF631ED80CCB009B26CF /* Debug */ = {
			isa = XCBuildConfiguration;
			buildSettings = {
				ASSETCATALOG_COMPILER_APPICON_NAME = AppIcon;
				DEVELOPMENT_TEAM = V4K88747GJ;
				INFOPLIST_FILE = Weather/Info.plist;
				LD_RUNPATH_SEARCH_PATHS = "$(inherited) @executable_path/Frameworks";
				PRODUCT_BUNDLE_IDENTIFIER = com.phlood.Weather;
				PRODUCT_NAME = "$(TARGET_NAME)";
				SWIFT_VERSION = 3.0;
			};
			name = Debug;
		};
		8A3CEF641ED80CCB009B26CF /* Release */ = {
			isa = XCBuildConfiguration;
			buildSettings = {
				ASSETCATALOG_COMPILER_APPICON_NAME = AppIcon;
				DEVELOPMENT_TEAM = V4K88747GJ;
				INFOPLIST_FILE = Weather/Info.plist;
				LD_RUNPATH_SEARCH_PATHS = "$(inherited) @executable_path/Frameworks";
				PRODUCT_BUNDLE_IDENTIFIER = com.phlood.Weather;
				PRODUCT_NAME = "$(TARGET_NAME)";
				SWIFT_VERSION = 3.0;
			};
			name = Release;
		};
/* End XCBuildConfiguration section */

/* Begin XCConfigurationList section */
		8A3CEF4B1ED80CCB009B26CF /* Build configuration list for PBXProject "Weather" */ = {
			isa = XCConfigurationList;
			buildConfigurations = (
				8A3CEF601ED80CCB009B26CF /* Debug */,
				8A3CEF611ED80CCB009B26CF /* Release */,
			);
			defaultConfigurationIsVisible = 0;
			defaultConfigurationName = Release;
		};
		8A3CEF621ED80CCB009B26CF /* Build configuration list for PBXNativeTarget "Weather" */ = {
			isa = XCConfigurationList;
			buildConfigurations = (
				8A3CEF631ED80CCB009B26CF /* Debug */,
				8A3CEF641ED80CCB009B26CF /* Release */,
			);
			defaultConfigurationIsVisible = 0;
			defaultConfigurationName = Release;
		};
/* End XCConfigurationList section */
	};
	rootObject = 8A3CEF481ED80CCB009B26CF /* Project object */;
}
